{
    "_readme": [
        "This file locks the dependencies of your project to a known state",
        "Read more about it at https://getcomposer.org/doc/01-basic-usage.md#installing-dependencies",
        "This file is @generated automatically"
    ],
    "content-hash": "6dcb2bff7b6d2a7d7170fab0c993b659",
    "packages": [
        {
            "name": "alleyinteractive/composer-wordpress-autoloader",
            "version": "v1.0.0",
            "source": {
                "type": "git",
                "url": "https://github.com/alleyinteractive/composer-wordpress-autoloader.git",
                "reference": "5f72de0cc7060c2475117c3231335b0899200230"
            },
            "dist": {
                "type": "zip",
                "url": "https://api.github.com/repos/alleyinteractive/composer-wordpress-autoloader/zipball/5f72de0cc7060c2475117c3231335b0899200230",
                "reference": "5f72de0cc7060c2475117c3231335b0899200230",
                "shasum": ""
            },
            "require": {
                "alleyinteractive/wordpress-autoloader": "^1.1.1",
                "composer-plugin-api": "^2.0",
                "php": "^7.4.0|^8.0|^8.1"
            },
            "require-dev": {
                "composer/composer": "*",
                "phpunit/phpunit": "^9.5.8",
                "squizlabs/php_codesniffer": "^4.0"
            },
            "type": "composer-plugin",
            "extra": {
                "class": "ComposerWordPressAutoloader\\Plugin"
            },
            "autoload": {
                "files": [
                    "src/autoload.php"
                ],
                "psr-4": {
                    "ComposerWordPressAutoloader\\": "src/"
                }
            },
            "notification-url": "https://packagist.org/downloads/",
            "license": [
                "GPL-2.0-or-later"
            ],
            "authors": [
                {
                    "name": "Alley Interactive",
                    "email": "info@alley.co"
                },
                {
                    "name": "Sean Fisher",
                    "email": "sean@alley.co"
                }
            ],
            "description": "Autoload files using WordPress File Conventions using Composer",
            "support": {
                "issues": "https://github.com/alleyinteractive/composer-wordpress-autoloader/issues",
                "source": "https://github.com/alleyinteractive/composer-wordpress-autoloader/tree/v1.0.0"
            },
            "time": "2022-09-01T03:42:52+00:00"
        },
        {
            "name": "alleyinteractive/wordpress-autoloader",
            "version": "v1.1.1",
            "source": {
                "type": "git",
                "url": "https://github.com/alleyinteractive/wordpress-autoloader.git",
                "reference": "c7599d95f49f1cdc38fad19944a50b19ec0dd6ca"
            },
            "dist": {
                "type": "zip",
                "url": "https://api.github.com/repos/alleyinteractive/wordpress-autoloader/zipball/c7599d95f49f1cdc38fad19944a50b19ec0dd6ca",
                "reference": "c7599d95f49f1cdc38fad19944a50b19ec0dd6ca",
                "shasum": ""
            },
            "require": {
                "php": "^7.4.0|^8.0|^8.1"
            },
            "require-dev": {
                "alleyinteractive/alley-coding-standards": "^0.3",
                "phpunit/phpunit": "^9.5.8"
            },
            "type": "library",
            "autoload": {
                "files": [
                    "src/class-autoloader.php"
                ]
            },
            "notification-url": "https://packagist.org/downloads/",
            "license": [
                "GPL-2.0-or-later"
            ],
            "authors": [
                {
                    "name": "Alley Interactive",
                    "email": "info@alley.co"
                }
            ],
            "description": "Autoload files using WordPress File Conventions",
            "support": {
                "issues": "https://github.com/alleyinteractive/wordpress-autoloader/issues",
                "source": "https://github.com/alleyinteractive/wordpress-autoloader/tree/v1.1.1"
            },
            "time": "2022-08-31T20:51:21+00:00"
        },
        {
            "name": "alleyinteractive/wp-bulk-task",
            "version": "v0.1.2",
            "source": {
                "type": "git",
                "url": "https://github.com/alleyinteractive/wp-bulk-task.git",
                "reference": "e0310bede35c02f24c6e9023618eb2a2e3696ae4"
            },
            "dist": {
                "type": "zip",
                "url": "https://api.github.com/repos/alleyinteractive/wp-bulk-task/zipball/e0310bede35c02f24c6e9023618eb2a2e3696ae4",
                "reference": "e0310bede35c02f24c6e9023618eb2a2e3696ae4",
                "shasum": ""
            },
            "require": {
                "alleyinteractive/composer-wordpress-autoloader": "^1.0",
                "php": ">=8.0"
            },
            "require-dev": {
                "alleyinteractive/alley-coding-standards": "^0.3",
                "mantle-framework/testkit": "^0.8.0"
            },
            "type": "library",
            "extra": {
                "wordpress-autoloader": {
                    "autoload": {
                        "Alley\\WP_Bulk_Task\\": "src/"
                    }
                }
            },
            "notification-url": "https://packagist.org/downloads/",
            "license": [
                "GPL-2.0-or-later"
            ],
            "authors": [
                {
                    "name": "Alley",
                    "email": "info@alley.com"
                }
            ],
            "description": "A library to assist with running performant bulk tasks against WordPress posts.",
            "support": {
                "issues": "https://github.com/alleyinteractive/wp-bulk-task/issues",
                "source": "https://github.com/alleyinteractive/wp-bulk-task/tree/v0.1.2"
            },
            "time": "2022-12-23T17:11:50+00:00"
        }
    ],
    "packages-dev": [],
    "aliases": [],
    "minimum-stability": "stable",
    "stability-flags": [],
    "prefer-stable": false,
    "prefer-lowest": false,
    "platform": {
        "php": ">=8.0"
    },
    "platform-dev": [],
    "plugin-api-version": "2.3.0"
}
